// !$*UTF8*$!
{
	archiveVersion = 1;
	classes = {
	};
	objectVersion = 46;
	objects = {

/* Begin PBXBuildFile section */
		9C7699FF1B706736001216A4 /* main.m in Sources */ = {isa = PBXBuildFile; fileRef = 9C7699FE1B706736001216A4 /* main.m */; };
		9C769A021B706736001216A4 /* AppDelegate.m in Sources */ = {isa = PBXBuildFile; fileRef = 9C769A011B706736001216A4 /* AppDelegate.m */; };
		9C769A051B706736001216A4 /* ViewController.m in Sources */ = {isa = PBXBuildFile; fileRef = 9C769A041B706736001216A4 /* ViewController.m */; };
		9C769A081B706736001216A4 /* Main.storyboard in Resources */ = {isa = PBXBuildFile; fileRef = 9C769A061B706736001216A4 /* Main.storyboard */; };
		9C769A0A1B706736001216A4 /* Images.xcassets in Resources */ = {isa = PBXBuildFile; fileRef = 9C769A091B706736001216A4 /* Images.xcassets */; };
		9C769A0D1B706736001216A4 /* LaunchScreen.xib in Resources */ = {isa = PBXBuildFile; fileRef = 9C769A0B1B706736001216A4 /* LaunchScreen.xib */; };
		9C769A191B706736001216A4 /* DatePickerDemoTests.m in Sources */ = {isa = PBXBuildFile; fileRef = 9C769A181B706736001216A4 /* DatePickerDemoTests.m */; };
		9C769A241B70679E001216A4 /* NYDatePicker.m in Sources */ = {isa = PBXBuildFile; fileRef = 9C769A231B70679E001216A4 /* NYDatePicker.m */; };
		9CA6C4661B71B226008C1CAA /* NYPickerComponent.m in Sources */ = {isa = PBXBuildFile; fileRef = 9CA6C4651B71B226008C1CAA /* NYPickerComponent.m */; };
/* End PBXBuildFile section */

/* Begin PBXContainerItemProxy section */
		9C769A131B706736001216A4 /* PBXContainerItemProxy */ = {
			isa = PBXContainerItemProxy;
			containerPortal = 9C7699F11B706736001216A4 /* Project object */;
			proxyType = 1;
			remoteGlobalIDString = 9C7699F81B706736001216A4;
			remoteInfo = DatePickerDemo;
		};
/* End PBXContainerItemProxy section */

/* Begin PBXFileReference section */
		9C7699F91B706736001216A4 /* DatePickerDemo.app */ = {isa = PBXFileReference; explicitFileType = wrapper.application; includeInIndex = 0; path = DatePickerDemo.app; sourceTree = BUILT_PRODUCTS_DIR; };
		9C7699FD1B706736001216A4 /* Info.plist */ = {isa = PBXFileReference; lastKnownFileType = text.plist.xml; path = Info.plist; sourceTree = "<group>"; };
		9C7699FE1B706736001216A4 /* main.m */ = {isa = PBXFileReference; lastKnownFileType = sourcecode.c.objc; path = main.m; sourceTree = "<group>"; };
		9C769A001B706736001216A4 /* AppDelegate.h */ = {isa = PBXFileReference; lastKnownFileType = sourcecode.c.h; path = AppDelegate.h; sourceTree = "<group>"; };
		9C769A011B706736001216A4 /* AppDelegate.m */ = {isa = PBXFileReference; lastKnownFileType = sourcecode.c.objc; path = AppDelegate.m; sourceTree = "<group>"; };
		9C769A031B706736001216A4 /* ViewController.h */ = {isa = PBXFileReference; lastKnownFileType = sourcecode.c.h; path = ViewController.h; sourceTree = "<group>"; };
		9C769A041B706736001216A4 /* ViewController.m */ = {isa = PBXFileReference; lastKnownFileType = sourcecode.c.objc; path = ViewController.m; sourceTree = "<group>"; };
		9C769A071B706736001216A4 /* Base */ = {isa = PBXFileReference; lastKnownFileType = file.storyboard; name = Base; path = Base.lproj/Main.storyboard; sourceTree = "<group>"; };
		9C769A091B706736001216A4 /* Images.xcassets */ = {isa = PBXFileReference; lastKnownFileType = folder.assetcatalog; path = Images.xcassets; sourceTree = "<group>"; };
		9C769A0C1B706736001216A4 /* Base */ = {isa = PBXFileReference; lastKnownFileType = file.xib; name = Base; path = Base.lproj/LaunchScreen.xib; sourceTree = "<group>"; };
		9C769A121B706736001216A4 /* DatePickerDemoTests.xctest */ = {isa = PBXFileReference; explicitFileType = wrapper.cfbundle; includeInIndex = 0; path = DatePickerDemoTests.xctest; sourceTree = BUILT_PRODUCTS_DIR; };
		9C769A171B706736001216A4 /* Info.plist */ = {isa = PBXFileReference; lastKnownFileType = text.plist.xml; path = Info.plist; sourceTree = "<group>"; };
		9C769A181B706736001216A4 /* DatePickerDemoTests.m */ = {isa = PBXFileReference; lastKnownFileType = sourcecode.c.objc; path = DatePickerDemoTests.m; sourceTree = "<group>"; };
		9C769A221B70679E001216A4 /* NYDatePicker.h */ = {isa = PBXFileReference; fileEncoding = 4; lastKnownFileType = sourcecode.c.h; path = NYDatePicker.h; sourceTree = "<group>"; };
		9C769A231B70679E001216A4 /* NYDatePicker.m */ = {isa = PBXFileReference; fileEncoding = 4; lastKnownFileType = sourcecode.c.objc; path = NYDatePicker.m; sourceTree = "<group>"; };
		9CA6C4641B71B226008C1CAA /* NYPickerComponent.h */ = {isa = PBXFileReference; fileEncoding = 4; lastKnownFileType = sourcecode.c.h; path = NYPickerComponent.h; sourceTree = "<group>"; };
		9CA6C4651B71B226008C1CAA /* NYPickerComponent.m */ = {isa = PBXFileReference; fileEncoding = 4; lastKnownFileType = sourcecode.c.objc; path = NYPickerComponent.m; sourceTree = "<group>"; };
/* End PBXFileReference section */

/* Begin PBXFrameworksBuildPhase section */
		9C7699F61B706736001216A4 /* Frameworks */ = {
			isa = PBXFrameworksBuildPhase;
			buildActionMask = 2147483647;
			files = (
			);
			runOnlyForDeploymentPostprocessing = 0;
		};
		9C769A0F1B706736001216A4 /* Frameworks */ = {
			isa = PBXFrameworksBuildPhase;
			buildActionMask = 2147483647;
			files = (
			);
			runOnlyForDeploymentPostprocessing = 0;
		};
/* End PBXFrameworksBuildPhase section */

/* Begin PBXGroup section */
		9C7699F01B706736001216A4 = {
			isa = PBXGroup;
			children = (
				9C7699FB1B706736001216A4 /* DatePickerDemo */,
				9C769A151B706736001216A4 /* DatePickerDemoTests */,
				9C7699FA1B706736001216A4 /* Products */,
			);
			sourceTree = "<group>";
		};
		9C7699FA1B706736001216A4 /* Products */ = {
			isa = PBXGroup;
			children = (
				9C7699F91B706736001216A4 /* DatePickerDemo.app */,
				9C769A121B706736001216A4 /* DatePickerDemoTests.xctest */,
			);
			name = Products;
			sourceTree = "<group>";
		};
		9C7699FB1B706736001216A4 /* DatePickerDemo */ = {
			isa = PBXGroup;
			children = (
				9C769A001B706736001216A4 /* AppDelegate.h */,
				9C769A011B706736001216A4 /* AppDelegate.m */,
				9C769A031B706736001216A4 /* ViewController.h */,
				9C769A041B706736001216A4 /* ViewController.m */,
				9C769A221B70679E001216A4 /* NYDatePicker.h */,
				9C769A231B70679E001216A4 /* NYDatePicker.m */,
				9CA6C4641B71B226008C1CAA /* NYPickerComponent.h */,
				9CA6C4651B71B226008C1CAA /* NYPickerComponent.m */,
				9C769A061B706736001216A4 /* Main.storyboard */,
				9C769A091B706736001216A4 /* Images.xcassets */,
				9C769A0B1B706736001216A4 /* LaunchScreen.xib */,
				9C7699FC1B706736001216A4 /* Supporting Files */,
			);
			path = DatePickerDemo;
			sourceTree = "<group>";
		};
		9C7699FC1B706736001216A4 /* Supporting Files */ = {
			isa = PBXGroup;
			children = (
				9C7699FD1B706736001216A4 /* Info.plist */,
				9C7699FE1B706736001216A4 /* main.m */,
			);
			name = "Supporting Files";
			sourceTree = "<group>";
		};
		9C769A151B706736001216A4 /* DatePickerDemoTests */ = {
			isa = PBXGroup;
			children = (
				9C769A181B706736001216A4 /* DatePickerDemoTests.m */,
				9C769A161B706736001216A4 /* Supporting Files */,
			);
			path = DatePickerDemoTests;
			sourceTree = "<group>";
		};
		9C769A161B706736001216A4 /* Supporting Files */ = {
			isa = PBXGroup;
			children = (
				9C769A171B706736001216A4 /* Info.plist */,
			);
			name = "Supporting Files";
			sourceTree = "<group>";
		};
/* End PBXGroup section */

/* Begin PBXNativeTarget section */
		9C7699F81B706736001216A4 /* DatePickerDemo */ = {
			isa = PBXNativeTarget;
			buildConfigurationList = 9C769A1C1B706736001216A4 /* Build configuration list for PBXNativeTarget "DatePickerDemo" */;
			buildPhases = (
				9C7699F51B706736001216A4 /* Sources */,
				9C7699F61B706736001216A4 /* Frameworks */,
				9C7699F71B706736001216A4 /* Resources */,
			);
			buildRules = (
			);
			dependencies = (
			);
			name = DatePickerDemo;
			productName = DatePickerDemo;
			productReference = 9C7699F91B706736001216A4 /* DatePickerDemo.app */;
			productType = "com.apple.product-type.application";
		};
		9C769A111B706736001216A4 /* DatePickerDemoTests */ = {
			isa = PBXNativeTarget;
			buildConfigurationList = 9C769A1F1B706736001216A4 /* Build configuration list for PBXNativeTarget "DatePickerDemoTests" */;
			buildPhases = (
				9C769A0E1B706736001216A4 /* Sources */,
				9C769A0F1B706736001216A4 /* Frameworks */,
				9C769A101B706736001216A4 /* Resources */,
			);
			buildRules = (
			);
			dependencies = (
				9C769A141B706736001216A4 /* PBXTargetDependency */,
			);
			name = DatePickerDemoTests;
			productName = DatePickerDemoTests;
			productReference = 9C769A121B706736001216A4 /* DatePickerDemoTests.xctest */;
			productType = "com.apple.product-type.bundle.unit-test";
		};
/* End PBXNativeTarget section */

/* Begin PBXProject section */
		9C7699F11B706736001216A4 /* Project object */ = {
			isa = PBXProject;
			attributes = {
				LastUpgradeCheck = 0640;
				ORGANIZATIONNAME = "107间";
				TargetAttributes = {
					9C7699F81B706736001216A4 = {
						CreatedOnToolsVersion = 6.4;
						DevelopmentTeam = 9TXRXPVXCE;
					};
					9C769A111B706736001216A4 = {
						CreatedOnToolsVersion = 6.4;
						TestTargetID = 9C7699F81B706736001216A4;
					};
				};
			};
			buildConfigurationList = 9C7699F41B706736001216A4 /* Build configuration list for PBXProject "DatePickerDemo" */;
			compatibilityVersion = "Xcode 3.2";
			developmentRegion = English;
			hasScannedForEncodings = 0;
			knownRegions = (
				en,
				Base,
			);
			mainGroup = 9C7699F01B706736001216A4;
			productRefGroup = 9C7699FA1B706736001216A4 /* Products */;
			projectDirPath = "";
			projectRoot = "";
			targets = (
				9C7699F81B706736001216A4 /* DatePickerDemo */,
				9C769A111B706736001216A4 /* DatePickerDemoTests */,
			);
		};
/* End PBXProject section */

/* Begin PBXResourcesBuildPhase section */
		9C7699F71B706736001216A4 /* Resources */ = {
			isa = PBXResourcesBuildPhase;
			buildActionMask = 2147483647;
			files = (
				9C769A081B706736001216A4 /* Main.storyboard in Resources */,
				9C769A0D1B706736001216A4 /* LaunchScreen.xib in Resources */,
				9C769A0A1B706736001216A4 /* Images.xcassets in Resources */,
			);
			runOnlyForDeploymentPostprocessing = 0;
		};
		9C769A101B706736001216A4 /* Resources */ = {
			isa = PBXResourcesBuildPhase;
			buildActionMask = 2147483647;
			files = (
			);
			runOnlyForDeploymentPostprocessing = 0;
		};
/* End PBXResourcesBuildPhase section */

/* Begin PBXSourcesBuildPhase section */
		9C7699F51B706736001216A4 /* Sources */ = {
			isa = PBXSourcesBuildPhase;
			buildActionMask = 2147483647;
			files = (
				9C769A241B70679E001216A4 /* NYDatePicker.m in Sources */,
				9CA6C4661B71B226008C1CAA /* NYPickerComponent.m in Sources */,
				9C769A051B706736001216A4 /* ViewController.m in Sources */,
				9C769A021B706736001216A4 /* AppDelegate.m in Sources */,
				9C7699FF1B706736001216A4 /* main.m in Sources */,
			);
			runOnlyForDeploymentPostprocessing = 0;
		};
		9C769A0E1B706736001216A4 /* Sources */ = {
			isa = PBXSourcesBuildPhase;
			buildActionMask = 2147483647;
			files = (
				9C769A191B706736001216A4 /* DatePickerDemoTests.m in Sources */,
			);
			runOnlyForDeploymentPostprocessing = 0;
		};
/* End PBXSourcesBuildPhase section */

/* Begin PBXTargetDependency section */
		9C769A141B706736001216A4 /* PBXTargetDependency */ = {
			isa = PBXTargetDependency;
			target = 9C7699F81B706736001216A4 /* DatePickerDemo */;
			targetProxy = 9C769A131B706736001216A4 /* PBXContainerItemProxy */;
		};
/* End PBXTargetDependency section */

/* Begin PBXVariantGroup section */
		9C769A061B706736001216A4 /* Main.storyboard */ = {
			isa = PBXVariantGroup;
			children = (
				9C769A071B706736001216A4 /* Base */,
			);
			name = Main.storyboard;
			sourceTree = "<group>";
		};
		9C769A0B1B706736001216A4 /* LaunchScreen.xib */ = {
			isa = PBXVariantGroup;
			children = (
				9C769A0C1B706736001216A4 /* Base */,
			);
			name = LaunchScreen.xib;
			sourceTree = "<group>";
		};
/* End PBXVariantGroup section */

/* Begin XCBuildConfiguration section */
		9C769A1A1B706736001216A4 /* Debug */ = {
			isa = XCBuildConfiguration;
			buildSettings = {
				ALWAYS_SEARCH_USER_PATHS = NO;
				CLANG_CXX_LANGUAGE_STANDARD = "gnu++0x";
				CLANG_CXX_LIBRARY = "libc++";
				CLANG_ENABLE_MODULES = YES;
				CLANG_ENABLE_OBJC_ARC = YES;
				CLANG_WARN_BOOL_CONVERSION = YES;
				CLANG_WARN_CONSTANT_CONVERSION = YES;
				CLANG_WARN_DIRECT_OBJC_ISA_USAGE = YES_ERROR;
				CLANG_WARN_EMPTY_BODY = YES;
				CLANG_WARN_ENUM_CONVERSION = YES;
				CLANG_WARN_INT_CONVERSION = YES;
				CLANG_WARN_OBJC_ROOT_CLASS = YES_ERROR;
				CLANG_WARN_UNREACHABLE_CODE = YES;
				CLANG_WARN__DUPLICATE_METHOD_MATCH = YES;
				"CODE_SIGN_IDENTITY[sdk=iphoneos*]" = "iPhone Developer";
				COPY_PHASE_STRIP = NO;
				DEBUG_INFORMATION_FORMAT = "dwarf-with-dsym";
				ENABLE_STRICT_OBJC_MSGSEND = YES;
				GCC_C_LANGUAGE_STANDARD = gnu99;
				GCC_DYNAMIC_NO_PIC = NO;
				GCC_NO_COMMON_BLOCKS = YES;
				GCC_OPTIMIZATION_LEVEL = 0;
				GCC_PREPROCESSOR_DEFINITIONS = (
					"DEBUG=1",
					"$(inherited)",
				);
				GCC_SYMBOLS_PRIVATE_EXTERN = NO;
				GCC_WARN_64_TO_32_BIT_CONVERSION = YES;
				GCC_WARN_ABOUT_RETURN_TYPE = YES_ERROR;
				GCC_WARN_UNDECLARED_SELECTOR = YES;
				GCC_WARN_UNINITIALIZED_AUTOS = YES_AGGRESSIVE;
				GCC_WARN_UNUSED_FUNCTION = YES;
				GCC_WARN_UNUSED_VARIABLE = YES;
				IPHONEOS_DEPLOYMENT_TARGET = 8.4;
				MTL_ENABLE_DEBUG_INFO = YES;
				ONLY_ACTIVE_ARCH = YES;
				SDKROOT = iphoneos;
				TARGETED_DEVICE_FAMILY = "1,2";
			};
			name = Debug;
		};
		9C769A1B1B706736001216A4 /* Release */ = {
			isa = XCBuildConfiguration;
			buildSettings = {
				ALWAYS_SEARCH_USER_PATHS = NO;
				CLANG_CXX_LANGUAGE_STANDARD = "gnu++0x";
				CLANG_CXX_LIBRARY = "libc++";
				CLANG_ENABLE_MODULES = YES;
				CLANG_ENABLE_OBJC_ARC = YES;
				CLANG_WARN_BOOL_CONVERSION = YES;
				CLANG_WARN_CONSTANT_CONVERSION = YES;
				CLANG_WARN_DIRECT_OBJC_ISA_USAGE = YES_ERROR;
				CLANG_WARN_EMPTY_BODY = YES;
				CLANG_WARN_ENUM_CONVERSION = YES;
				CLANG_WARN_INT_CONVERSION = YES;
				CLANG_WARN_OBJC_ROOT_CLASS = YES_ERROR;
				CLANG_WARN_UNREACHABLE_CODE = YES;
				CLANG_WARN__DUPLICATE_METHOD_MATCH = YES;
				"CODE_SIGN_IDENTITY[sdk=iphoneos*]" = "iPhone Developer";
				COPY_PHASE_STRIP = NO;
				DEBUG_INFORMATION_FORMAT = "dwarf-with-dsym";
				ENABLE_NS_ASSERTIONS = NO;
				ENABLE_STRICT_OBJC_MSGSEND = YES;
				GCC_C_LANGUAGE_STANDARD = gnu99;
				GCC_NO_COMMON_BLOCKS = YES;
				GCC_WARN_64_TO_32_BIT_CONVERSION = YES;
				GCC_WARN_ABOUT_RETURN_TYPE = YES_ERROR;
				GCC_WARN_UNDECLARED_SELECTOR = YES;
				GCC_WARN_UNINITIALIZED_AUTOS = YES_AGGRESSIVE;
				GCC_WARN_UNUSED_FUNCTION = YES;
				GCC_WARN_UNUSED_VARIABLE = YES;
				IPHONEOS_DEPLOYMENT_TARGET = 8.4;
				MTL_ENABLE_DEBUG_INFO = NO;
				SDKROOT = iphoneos;
				TARGETED_DEVICE_FAMILY = "1,2";
				VALIDATE_PRODUCT = YES;
			};
			name = Release;
		};
		9C769A1D1B706736001216A4 /* Debug */ = {
			isa = XCBuildConfiguration;
			buildSettings = {
				ASSETCATALOG_COMPILER_APPICON_NAME = AppIcon;
				CODE_SIGN_IDENTITY = "iPhone Developer";
				"CODE_SIGN_IDENTITY[sdk=iphoneos*]" = "iPhone Developer";
				INFOPLIST_FILE = DatePickerDemo/Info.plist;
				LD_RUNPATH_SEARCH_PATHS = "$(inherited) @executable_path/Frameworks";
				PRODUCT_NAME = "$(TARGET_NAME)";
				PROVISIONING_PROFILE = "";
			};
			name = Debug;
		};
		9C769A1E1B706736001216A4 /* Release */ = {
			isa = XCBuildConfiguration;
			buildSettings = {
				ASSETCATALOG_COMPILER_APPICON_NAME = AppIcon;
				CODE_SIGN_IDENTITY = "iPhone Developer";
				"CODE_SIGN_IDENTITY[sdk=iphoneos*]" = "iPhone Developer";
				INFOPLIST_FILE = DatePickerDemo/Info.plist;
				LD_RUNPATH_SEARCH_PATHS = "$(inherited) @executable_path/Frameworks";
				PRODUCT_NAME = "$(TARGET_NAME)";
				PROVISIONING_PROFILE = "";
			};
			name = Release;
		};
		9C769A201B706736001216A4 /* Debug */ = {
			isa = XCBuildConfiguration;
			buildSettings = {
				BUNDLE_LOADER = "$(TEST_HOST)";
				FRAMEWORK_SEARCH_PATHS = (
					"$(SDKROOT)/Developer/Library/Frameworks",
					"$(inherited)",
				);
				GCC_PREPROCESSOR_DEFINITIONS = (
					"DEBUG=1",
					"$(inherited)",
				);
				INFOPLIST_FILE = DatePickerDemoTests/Info.plist;
				LD_RUNPATH_SEARCH_PATHS = "$(inherited) @executable_path/Frameworks @loader_path/Frameworks";
				PRODUCT_NAME = "$(TARGET_NAME)";
				TEST_HOST = "$(BUILT_PRODUCTS_DIR)/DatePickerDemo.app/DatePickerDemo";
			};
			name = Debug;
		};
		9C769A211B706736001216A4 /* Release */ = {
			isa = XCBuildConfiguration;
			buildSettings = {
				BUNDLE_LOADER = "$(TEST_HOST)";
				FRAMEWORK_SEARCH_PATHS = (
					"$(SDKROOT)/Developer/Library/Frameworks",
					"$(inherited)",
				);
				INFOPLIST_FILE = DatePickerDemoTests/Info.plist;
				LD_RUNPATH_SEARCH_PATHS = "$(inherited) @executable_path/Frameworks @loader_path/Frameworks";
				PRODUCT_NAME = "$(TARGET_NAME)";
				TEST_HOST = "$(BUILT_PRODUCTS_DIR)/DatePickerDemo.app/DatePickerDemo";
			};
			name = Release;
		};
/* End XCBuildConfiguration section */

/* Begin XCConfigurationList section */
		9C7699F41B706736001216A4 /* Build configuration list for PBXProject "DatePickerDemo" */ = {
			isa = XCConfigurationList;
			buildConfigurations = (
				9C769A1A1B706736001216A4 /* Debug */,
				9C769A1B1B706736001216A4 /* Release */,
			);
			defaultConfigurationIsVisible = 0;
			defaultConfigurationName = Release;
		};
		9C769A1C1B706736001216A4 /* Build configuration list for PBXNativeTarget "DatePickerDemo" */ = {
			isa = XCConfigurationList;
			buildConfigurations = (
				9C769A1D1B706736001216A4 /* Debug */,
				9C769A1E1B706736001216A4 /* Release */,
			);
			defaultConfigurationIsVisible = 0;
			defaultConfigurationName = Release;
		};
		9C769A1F1B706736001216A4 /* Build configuration list for PBXNativeTarget "DatePickerDemoTests" */ = {
			isa = XCConfigurationList;
			buildConfigurations = (
				9C769A201B706736001216A4 /* Debug */,
				9C769A211B706736001216A4 /* Release */,
			);
			defaultConfigurationIsVisible = 0;
			defaultConfigurationName = Release;
		};
/* End XCConfigurationList section */
	};
	rootObject = 9C7699F11B706736001216A4 /* Project object */;
}
